// !$*UTF8*$!
{
	archiveVersion = 1;
	classes = {
	};
	objectVersion = 46;
	objects = {

/* Begin PBXBuildFile section */
		32EDF3BB1CF2A628008F5A21 /* main.m in Sources */ = {isa = PBXBuildFile; fileRef = 32EDF3BA1CF2A628008F5A21 /* main.m */; };
		32EDF3BE1CF2A628008F5A21 /* AppDelegate.m in Sources */ = {isa = PBXBuildFile; fileRef = 32EDF3BD1CF2A628008F5A21 /* AppDelegate.m */; };
		32EDF3C11CF2A628008F5A21 /* ViewController.m in Sources */ = {isa = PBXBuildFile; fileRef = 32EDF3C01CF2A628008F5A21 /* ViewController.m */; };
		32EDF3C41CF2A628008F5A21 /* Main.storyboard in Resources */ = {isa = PBXBuildFile; fileRef = 32EDF3C21CF2A628008F5A21 /* Main.storyboard */; };
		32EDF3C61CF2A628008F5A21 /* Assets.xcassets in Resources */ = {isa = PBXBuildFile; fileRef = 32EDF3C51CF2A628008F5A21 /* Assets.xcassets */; };
		32EDF3C91CF2A628008F5A21 /* LaunchScreen.storyboard in Resources */ = {isa = PBXBuildFile; fileRef = 32EDF3C71CF2A628008F5A21 /* LaunchScreen.storyboard */; };
		32EDF3D41CF2A628008F5A21 /* TestChooseYearAndMonthViewTests.m in Sources */ = {isa = PBXBuildFile; fileRef = 32EDF3D31CF2A628008F5A21 /* TestChooseYearAndMonthViewTests.m */; };
		32EDF3DF1CF2A628008F5A21 /* TestChooseYearAndMonthViewUITests.m in Sources */ = {isa = PBXBuildFile; fileRef = 32EDF3DE1CF2A628008F5A21 /* TestChooseYearAndMonthViewUITests.m */; };
		32EDF3F21CF2B539008F5A21 /* TZChooseYearAndMonthView.m in Sources */ = {isa = PBXBuildFile; fileRef = 32EDF3F11CF2B539008F5A21 /* TZChooseYearAndMonthView.m */; };
/* End PBXBuildFile section */

/* Begin PBXContainerItemProxy section */
		32EDF3D01CF2A628008F5A21 /* PBXContainerItemProxy */ = {
			isa = PBXContainerItemProxy;
			containerPortal = 32EDF3AE1CF2A628008F5A21 /* Project object */;
			proxyType = 1;
			remoteGlobalIDString = 32EDF3B51CF2A628008F5A21;
			remoteInfo = TestChooseYearAndMonthView;
		};
		32EDF3DB1CF2A628008F5A21 /* PBXContainerItemProxy */ = {
			isa = PBXContainerItemProxy;
			containerPortal = 32EDF3AE1CF2A628008F5A21 /* Project object */;
			proxyType = 1;
			remoteGlobalIDString = 32EDF3B51CF2A628008F5A21;
			remoteInfo = TestChooseYearAndMonthView;
		};
/* End PBXContainerItemProxy section */

/* Begin PBXFileReference section */
		32EDF3B61CF2A628008F5A21 /* TestChooseYearAndMonthView.app */ = {isa = PBXFileReference; explicitFileType = wrapper.application; includeInIndex = 0; path = TestChooseYearAndMonthView.app; sourceTree = BUILT_PRODUCTS_DIR; };
		32EDF3BA1CF2A628008F5A21 /* main.m */ = {isa = PBXFileReference; lastKnownFileType = sourcecode.c.objc; path = main.m; sourceTree = "<group>"; };
		32EDF3BC1CF2A628008F5A21 /* AppDelegate.h */ = {isa = PBXFileReference; lastKnownFileType = sourcecode.c.h; path = AppDelegate.h; sourceTree = "<group>"; };
		32EDF3BD1CF2A628008F5A21 /* AppDelegate.m */ = {isa = PBXFileReference; lastKnownFileType = sourcecode.c.objc; path = AppDelegate.m; sourceTree = "<group>"; };
		32EDF3BF1CF2A628008F5A21 /* ViewController.h */ = {isa = PBXFileReference; lastKnownFileType = sourcecode.c.h; path = ViewController.h; sourceTree = "<group>"; };
		32EDF3C01CF2A628008F5A21 /* ViewController.m */ = {isa = PBXFileReference; lastKnownFileType = sourcecode.c.objc; path = ViewController.m; sourceTree = "<group>"; };
		32EDF3C31CF2A628008F5A21 /* Base */ = {isa = PBXFileReference; lastKnownFileType = file.storyboard; name = Base; path = Base.lproj/Main.storyboard; sourceTree = "<group>"; };
		32EDF3C51CF2A628008F5A21 /* Assets.xcassets */ = {isa = PBXFileReference; lastKnownFileType = folder.assetcatalog; path = Assets.xcassets; sourceTree = "<group>"; };
		32EDF3C81CF2A628008F5A21 /* Base */ = {isa = PBXFileReference; lastKnownFileType = file.storyboard; name = Base; path = Base.lproj/LaunchScreen.storyboard; sourceTree = "<group>"; };
		32EDF3CA1CF2A628008F5A21 /* Info.plist */ = {isa = PBXFileReference; lastKnownFileType = text.plist.xml; path = Info.plist; sourceTree = "<group>"; };
		32EDF3CF1CF2A628008F5A21 /* TestChooseYearAndMonthViewTests.xctest */ = {isa = PBXFileReference; explicitFileType = wrapper.cfbundle; includeInIndex = 0; path = TestChooseYearAndMonthViewTests.xctest; sourceTree = BUILT_PRODUCTS_DIR; };
		32EDF3D31CF2A628008F5A21 /* TestChooseYearAndMonthViewTests.m */ = {isa = PBXFileReference; lastKnownFileType = sourcecode.c.objc; path = TestChooseYearAndMonthViewTests.m; sourceTree = "<group>"; };
		32EDF3D51CF2A628008F5A21 /* Info.plist */ = {isa = PBXFileReference; lastKnownFileType = text.plist.xml; path = Info.plist; sourceTree = "<group>"; };
		32EDF3DA1CF2A628008F5A21 /* TestChooseYearAndMonthViewUITests.xctest */ = {isa = PBXFileReference; explicitFileType = wrapper.cfbundle; includeInIndex = 0; path = TestChooseYearAndMonthViewUITests.xctest; sourceTree = BUILT_PRODUCTS_DIR; };
		32EDF3DE1CF2A628008F5A21 /* TestChooseYearAndMonthViewUITests.m */ = {isa = PBXFileReference; lastKnownFileType = sourcecode.c.objc; path = TestChooseYearAndMonthViewUITests.m; sourceTree = "<group>"; };
		32EDF3E01CF2A628008F5A21 /* Info.plist */ = {isa = PBXFileReference; lastKnownFileType = text.plist.xml; path = Info.plist; sourceTree = "<group>"; };
		32EDF3F01CF2B539008F5A21 /* TZChooseYearAndMonthView.h */ = {isa = PBXFileReference; fileEncoding = 4; lastKnownFileType = sourcecode.c.h; path = TZChooseYearAndMonthView.h; sourceTree = "<group>"; };
		32EDF3F11CF2B539008F5A21 /* TZChooseYearAndMonthView.m */ = {isa = PBXFileReference; fileEncoding = 4; lastKnownFileType = sourcecode.c.objc; path = TZChooseYearAndMonthView.m; sourceTree = "<group>"; };
/* End PBXFileReference section */

/* Begin PBXFrameworksBuildPhase section */
		32EDF3B31CF2A628008F5A21 /* Frameworks */ = {
			isa = PBXFrameworksBuildPhase;
			buildActionMask = 2147483647;
			files = (
			);
			runOnlyForDeploymentPostprocessing = 0;
		};
		32EDF3CC1CF2A628008F5A21 /* Frameworks */ = {
			isa = PBXFrameworksBuildPhase;
			buildActionMask = 2147483647;
			files = (
			);
			runOnlyForDeploymentPostprocessing = 0;
		};
		32EDF3D71CF2A628008F5A21 /* Frameworks */ = {
			isa = PBXFrameworksBuildPhase;
			buildActionMask = 2147483647;
			files = (
			);
			runOnlyForDeploymentPostprocessing = 0;
		};
/* End PBXFrameworksBuildPhase section */

/* Begin PBXGroup section */
		32EDF3AD1CF2A628008F5A21 = {
			isa = PBXGroup;
			children = (
				32EDF3EC1CF2A7B7008F5A21 /* TZChooseYearAndMonthView */,
				32EDF3B81CF2A628008F5A21 /* TestChooseYearAndMonthView */,
				32EDF3D21CF2A628008F5A21 /* TestChooseYearAndMonthViewTests */,
				32EDF3DD1CF2A628008F5A21 /* TestChooseYearAndMonthViewUITests */,
				32EDF3B71CF2A628008F5A21 /* Products */,
			);
			sourceTree = "<group>";
		};
		32EDF3B71CF2A628008F5A21 /* Products */ = {
			isa = PBXGroup;
			children = (
				32EDF3B61CF2A628008F5A21 /* TestChooseYearAndMonthView.app */,
				32EDF3CF1CF2A628008F5A21 /* TestChooseYearAndMonthViewTests.xctest */,
				32EDF3DA1CF2A628008F5A21 /* TestChooseYearAndMonthViewUITests.xctest */,
			);
			name = Products;
			sourceTree = "<group>";
		};
		32EDF3B81CF2A628008F5A21 /* TestChooseYearAndMonthView */ = {
			isa = PBXGroup;
			children = (
				32EDF3BC1CF2A628008F5A21 /* AppDelegate.h */,
				32EDF3BD1CF2A628008F5A21 /* AppDelegate.m */,
				32EDF3BF1CF2A628008F5A21 /* ViewController.h */,
				32EDF3C01CF2A628008F5A21 /* ViewController.m */,
				32EDF3C21CF2A628008F5A21 /* Main.storyboard */,
				32EDF3C51CF2A628008F5A21 /* Assets.xcassets */,
				32EDF3C71CF2A628008F5A21 /* LaunchScreen.storyboard */,
				32EDF3CA1CF2A628008F5A21 /* Info.plist */,
				32EDF3B91CF2A628008F5A21 /* Supporting Files */,
			);
			path = TestChooseYearAndMonthView;
			sourceTree = "<group>";
		};
		32EDF3B91CF2A628008F5A21 /* Supporting Files */ = {
			isa = PBXGroup;
			children = (
				32EDF3BA1CF2A628008F5A21 /* main.m */,
			);
			name = "Supporting Files";
			sourceTree = "<group>";
		};
		32EDF3D21CF2A628008F5A21 /* TestChooseYearAndMonthViewTests */ = {
			isa = PBXGroup;
			children = (
				32EDF3D31CF2A628008F5A21 /* TestChooseYearAndMonthViewTests.m */,
				32EDF3D51CF2A628008F5A21 /* Info.plist */,
			);
			path = TestChooseYearAndMonthViewTests;
			sourceTree = "<group>";
		};
		32EDF3DD1CF2A628008F5A21 /* TestChooseYearAndMonthViewUITests */ = {
			isa = PBXGroup;
			children = (
				32EDF3DE1CF2A628008F5A21 /* TestChooseYearAndMonthViewUITests.m */,
				32EDF3E01CF2A628008F5A21 /* Info.plist */,
			);
			path = TestChooseYearAndMonthViewUITests;
			sourceTree = "<group>";
		};
		32EDF3EC1CF2A7B7008F5A21 /* TZChooseYearAndMonthView */ = {
			isa = PBXGroup;
			children = (
				32EDF3F01CF2B539008F5A21 /* TZChooseYearAndMonthView.h */,
				32EDF3F11CF2B539008F5A21 /* TZChooseYearAndMonthView.m */,
			);
			name = TZChooseYearAndMonthView;
			path = TestChooseYearAndMonthView/TZChooseYearAndMonthView;
			sourceTree = "<group>";
		};
/* End PBXGroup section */

/* Begin PBXNativeTarget section */
		32EDF3B51CF2A628008F5A21 /* TestChooseYearAndMonthView */ = {
			isa = PBXNativeTarget;
			buildConfigurationList = 32EDF3E31CF2A628008F5A21 /* Build configuration list for PBXNativeTarget "TestChooseYearAndMonthView" */;
			buildPhases = (
				32EDF3B21CF2A628008F5A21 /* Sources */,
				32EDF3B31CF2A628008F5A21 /* Frameworks */,
				32EDF3B41CF2A628008F5A21 /* Resources */,
			);
			buildRules = (
			);
			dependencies = (
			);
			name = TestChooseYearAndMonthView;
			productName = TestChooseYearAndMonthView;
			productReference = 32EDF3B61CF2A628008F5A21 /* TestChooseYearAndMonthView.app */;
			productType = "com.apple.product-type.application";
		};
		32EDF3CE1CF2A628008F5A21 /* TestChooseYearAndMonthViewTests */ = {
			isa = PBXNativeTarget;
			buildConfigurationList = 32EDF3E61CF2A628008F5A21 /* Build configuration list for PBXNativeTarget "TestChooseYearAndMonthViewTests" */;
			buildPhases = (
				32EDF3CB1CF2A628008F5A21 /* Sources */,
				32EDF3CC1CF2A628008F5A21 /* Frameworks */,
				32EDF3CD1CF2A628008F5A21 /* Resources */,
			);
			buildRules = (
			);
			dependencies = (
				32EDF3D11CF2A628008F5A21 /* PBXTargetDependency */,
			);
			name = TestChooseYearAndMonthViewTests;
			productName = TestChooseYearAndMonthViewTests;
			productReference = 32EDF3CF1CF2A628008F5A21 /* TestChooseYearAndMonthViewTests.xctest */;
			productType = "com.apple.product-type.bundle.unit-test";
		};
		32EDF3D91CF2A628008F5A21 /* TestChooseYearAndMonthViewUITests */ = {
			isa = PBXNativeTarget;
			buildConfigurationList = 32EDF3E91CF2A628008F5A21 /* Build configuration list for PBXNativeTarget "TestChooseYearAndMonthViewUITests" */;
			buildPhases = (
				32EDF3D61CF2A628008F5A21 /* Sources */,
				32EDF3D71CF2A628008F5A21 /* Frameworks */,
				32EDF3D81CF2A628008F5A21 /* Resources */,
			);
			buildRules = (
			);
			dependencies = (
				32EDF3DC1CF2A628008F5A21 /* PBXTargetDependency */,
			);
			name = TestChooseYearAndMonthViewUITests;
			productName = TestChooseYearAndMonthViewUITests;
			productReference = 32EDF3DA1CF2A628008F5A21 /* TestChooseYearAndMonthViewUITests.xctest */;
			productType = "com.apple.product-type.bundle.ui-testing";
		};
/* End PBXNativeTarget section */

/* Begin PBXProject section */
		32EDF3AE1CF2A628008F5A21 /* Project object */ = {
			isa = PBXProject;
			attributes = {
				LastUpgradeCheck = 0730;
				ORGANIZATIONNAME = ToninZhao;
				TargetAttributes = {
					32EDF3B51CF2A628008F5A21 = {
						CreatedOnToolsVersion = 7.3.1;
						DevelopmentTeam = RM8Y2335W8;
					};
					32EDF3CE1CF2A628008F5A21 = {
						CreatedOnToolsVersion = 7.3.1;
						DevelopmentTeam = RM8Y2335W8;
						TestTargetID = 32EDF3B51CF2A628008F5A21;
					};
					32EDF3D91CF2A628008F5A21 = {
						CreatedOnToolsVersion = 7.3.1;
						DevelopmentTeam = RM8Y2335W8;
						TestTargetID = 32EDF3B51CF2A628008F5A21;
					};
				};
			};
			buildConfigurationList = 32EDF3B11CF2A628008F5A21 /* Build configuration list for PBXProject "TestChooseYearAndMonthView" */;
			compatibilityVersion = "Xcode 3.2";
			developmentRegion = English;
			hasScannedForEncodings = 0;
			knownRegions = (
				en,
				Base,
			);
			mainGroup = 32EDF3AD1CF2A628008F5A21;
			productRefGroup = 32EDF3B71CF2A628008F5A21 /* Products */;
			projectDirPath = "";
			projectRoot = "";
			targets = (
				32EDF3B51CF2A628008F5A21 /* TestChooseYearAndMonthView */,
				32EDF3CE1CF2A628008F5A21 /* TestChooseYearAndMonthViewTests */,
				32EDF3D91CF2A628008F5A21 /* TestChooseYearAndMonthViewUITests */,
			);
		};
/* End PBXProject section */

/* Begin PBXResourcesBuildPhase section */
		32EDF3B41CF2A628008F5A21 /* Resources */ = {
			isa = PBXResourcesBuildPhase;
			buildActionMask = 2147483647;
			files = (
				32EDF3C91CF2A628008F5A21 /* LaunchScreen.storyboard in Resources */,
				32EDF3C61CF2A628008F5A21 /* Assets.xcassets in Resources */,
				32EDF3C41CF2A628008F5A21 /* Main.storyboard in Resources */,
			);
			runOnlyForDeploymentPostprocessing = 0;
		};
		32EDF3CD1CF2A628008F5A21 /* Resources */ = {
			isa = PBXResourcesBuildPhase;
			buildActionMask = 2147483647;
			files = (
			);
			runOnlyForDeploymentPostprocessing = 0;
		};
		32EDF3D81CF2A628008F5A21 /* Resources */ = {
			isa = PBXResourcesBuildPhase;
			buildActionMask = 2147483647;
			files = (
			);
			runOnlyForDeploymentPostprocessing = 0;
		};
/* End PBXResourcesBuildPhase section */

/* Begin PBXSourcesBuildPhase section */
		32EDF3B21CF2A628008F5A21 /* Sources */ = {
			isa = PBXSourcesBuildPhase;
			buildActionMask = 2147483647;
			files = (
				32EDF3C11CF2A628008F5A21 /* ViewController.m in Sources */,
				32EDF3F21CF2B539008F5A21 /* TZChooseYearAndMonthView.m in Sources */,
				32EDF3BE1CF2A628008F5A21 /* AppDelegate.m in Sources */,
				32EDF3BB1CF2A628008F5A21 /* main.m in Sources */,
			);
			runOnlyForDeploymentPostprocessing = 0;
		};
		32EDF3CB1CF2A628008F5A21 /* Sources */ = {
			isa = PBXSourcesBuildPhase;
			buildActionMask = 2147483647;
			files = (
				32EDF3D41CF2A628008F5A21 /* TestChooseYearAndMonthViewTests.m in Sources */,
			);
			runOnlyForDeploymentPostprocessing = 0;
		};
		32EDF3D61CF2A628008F5A21 /* Sources */ = {
			isa = PBXSourcesBuildPhase;
			buildActionMask = 2147483647;
			files = (
				32EDF3DF1CF2A628008F5A21 /* TestChooseYearAndMonthViewUITests.m in Sources */,
			);
			runOnlyForDeploymentPostprocessing = 0;
		};
/* End PBXSourcesBuildPhase section */

/* Begin PBXTargetDependency section */
		32EDF3D11CF2A628008F5A21 /* PBXTargetDependency */ = {
			isa = PBXTargetDependency;
			target = 32EDF3B51CF2A628008F5A21 /* TestChooseYearAndMonthView */;
			targetProxy = 32EDF3D01CF2A628008F5A21 /* PBXContainerItemProxy */;
		};
		32EDF3DC1CF2A628008F5A21 /* PBXTargetDependency */ = {
			isa = PBXTargetDependency;
			target = 32EDF3B51CF2A628008F5A21 /* TestChooseYearAndMonthView */;
			targetProxy = 32EDF3DB1CF2A628008F5A21 /* PBXContainerItemProxy */;
		};
/* End PBXTargetDependency section */

/* Begin PBXVariantGroup section */
		32EDF3C21CF2A628008F5A21 /* Main.storyboard */ = {
			isa = PBXVariantGroup;
			children = (
				32EDF3C31CF2A628008F5A21 /* Base */,
			);
			name = Main.storyboard;
			sourceTree = "<group>";
		};
		32EDF3C71CF2A628008F5A21 /* LaunchScreen.storyboard */ = {
			isa = PBXVariantGroup;
			children = (
				32EDF3C81CF2A628008F5A21 /* Base */,
			);
			name = LaunchScreen.storyboard;
			sourceTree = "<group>";
		};
/* End PBXVariantGroup section */

/* Begin XCBuildConfiguration section */
		32EDF3E11CF2A628008F5A21 /* Debug */ = {
			isa = XCBuildConfiguration;
			buildSettings = {
				ALWAYS_SEARCH_USER_PATHS = NO;
				CLANG_ANALYZER_NONNULL = YES;
				CLANG_CXX_LANGUAGE_STANDARD = "gnu++0x";
				CLANG_CXX_LIBRARY = "libc++";
				CLANG_ENABLE_MODULES = YES;
				CLANG_ENABLE_OBJC_ARC = YES;
				CLANG_WARN_BOOL_CONVERSION = YES;
				CLANG_WARN_CONSTANT_CONVERSION = YES;
				CLANG_WARN_DIRECT_OBJC_ISA_USAGE = YES_ERROR;
				CLANG_WARN_EMPTY_BODY = YES;
				CLANG_WARN_ENUM_CONVERSION = YES;
				CLANG_WARN_INT_CONVERSION = YES;
				CLANG_WARN_OBJC_ROOT_CLASS = YES_ERROR;
				CLANG_WARN_UNREACHABLE_CODE = YES;
				CLANG_WARN__DUPLICATE_METHOD_MATCH = YES;
				"CODE_SIGN_IDENTITY[sdk=iphoneos*]" = "iPhone Developer";
				COPY_PHASE_STRIP = NO;
				DEBUG_INFORMATION_FORMAT = dwarf;
				ENABLE_STRICT_OBJC_MSGSEND = YES;
				ENABLE_TESTABILITY = YES;
				GCC_C_LANGUAGE_STANDARD = gnu99;
				GCC_DYNAMIC_NO_PIC = NO;
				GCC_NO_COMMON_BLOCKS = YES;
				GCC_OPTIMIZATION_LEVEL = 0;
				GCC_PREPROCESSOR_DEFINITIONS = (
					"DEBUG=1",
					"$(inherited)",
				);
				GCC_WARN_64_TO_32_BIT_CONVERSION = YES;
				GCC_WARN_ABOUT_RETURN_TYPE = YES_ERROR;
				GCC_WARN_UNDECLARED_SELECTOR = YES;
				GCC_WARN_UNINITIALIZED_AUTOS = YES_AGGRESSIVE;
				GCC_WARN_UNUSED_FUNCTION = YES;
				GCC_WARN_UNUSED_VARIABLE = YES;
				IPHONEOS_DEPLOYMENT_TARGET = 9.3;
				MTL_ENABLE_DEBUG_INFO = YES;
				ONLY_ACTIVE_ARCH = YES;
				SDKROOT = iphoneos;
				TARGETED_DEVICE_FAMILY = "1,2";
			};
			name = Debug;
		};
		32EDF3E21CF2A628008F5A21 /* Release */ = {
			isa = XCBuildConfiguration;
			buildSettings = {
				ALWAYS_SEARCH_USER_PATHS = NO;
				CLANG_ANALYZER_NONNULL = YES;
				CLANG_CXX_LANGUAGE_STANDARD = "gnu++0x";
				CLANG_CXX_LIBRARY = "libc++";
				CLANG_ENABLE_MODULES = YES;
				CLANG_ENABLE_OBJC_ARC = YES;
				CLANG_WARN_BOOL_CONVERSION = YES;
				CLANG_WARN_CONSTANT_CONVERSION = YES;
				CLANG_WARN_DIRECT_OBJC_ISA_USAGE = YES_ERROR;
				CLANG_WARN_EMPTY_BODY = YES;
				CLANG_WARN_ENUM_CONVERSION = YES;
				CLANG_WARN_INT_CONVERSION = YES;
				CLANG_WARN_OBJC_ROOT_CLASS = YES_ERROR;
				CLANG_WARN_UNREACHABLE_CODE = YES;
				CLANG_WARN__DUPLICATE_METHOD_MATCH = YES;
				"CODE_SIGN_IDENTITY[sdk=iphoneos*]" = "iPhone Developer";
				COPY_PHASE_STRIP = NO;
				DEBUG_INFORMATION_FORMAT = "dwarf-with-dsym";
				ENABLE_NS_ASSERTIONS = NO;
				ENABLE_STRICT_OBJC_MSGSEND = YES;
				GCC_C_LANGUAGE_STANDARD = gnu99;
				GCC_NO_COMMON_BLOCKS = YES;
				GCC_WARN_64_TO_32_BIT_CONVERSION = YES;
				GCC_WARN_ABOUT_RETURN_TYPE = YES_ERROR;
				GCC_WARN_UNDECLARED_SELECTOR = YES;
				GCC_WARN_UNINITIALIZED_AUTOS = YES_AGGRESSIVE;
				GCC_WARN_UNUSED_FUNCTION = YES;
				GCC_WARN_UNUSED_VARIABLE = YES;
				IPHONEOS_DEPLOYMENT_TARGET = 9.3;
				MTL_ENABLE_DEBUG_INFO = NO;
				SDKROOT = iphoneos;
				TARGETED_DEVICE_FAMILY = "1,2";
				VALIDATE_PRODUCT = YES;
			};
			name = Release;
		};
		32EDF3E41CF2A628008F5A21 /* Debug */ = {
			isa = XCBuildConfiguration;
			buildSettings = {
				ASSETCATALOG_COMPILER_APPICON_NAME = AppIcon;
				INFOPLIST_FILE = TestChooseYearAndMonthView/Info.plist;
				LD_RUNPATH_SEARCH_PATHS = "$(inherited) @executable_path/Frameworks";
				PRODUCT_BUNDLE_IDENTIFIER = com.toninz.TestChooseYearAndMonthView;
				PRODUCT_NAME = "$(TARGET_NAME)";
			};
			name = Debug;
		};
		32EDF3E51CF2A628008F5A21 /* Release */ = {
			isa = XCBuildConfiguration;
			buildSettings = {
				ASSETCATALOG_COMPILER_APPICON_NAME = AppIcon;
				INFOPLIST_FILE = TestChooseYearAndMonthView/Info.plist;
				LD_RUNPATH_SEARCH_PATHS = "$(inherited) @executable_path/Frameworks";
				PRODUCT_BUNDLE_IDENTIFIER = com.toninz.TestChooseYearAndMonthView;
				PRODUCT_NAME = "$(TARGET_NAME)";
			};
			name = Release;
		};
		32EDF3E71CF2A628008F5A21 /* Debug */ = {
			isa = XCBuildConfiguration;
			buildSettings = {
				BUNDLE_LOADER = "$(TEST_HOST)";
				INFOPLIST_FILE = TestChooseYearAndMonthViewTests/Info.plist;
				LD_RUNPATH_SEARCH_PATHS = "$(inherited) @executable_path/Frameworks @loader_path/Frameworks";
				PRODUCT_BUNDLE_IDENTIFIER = com.toninz.TestChooseYearAndMonthViewTests;
				PRODUCT_NAME = "$(TARGET_NAME)";
				TEST_HOST = "$(BUILT_PRODUCTS_DIR)/TestChooseYearAndMonthView.app/TestChooseYearAndMonthView";
			};
			name = Debug;
		};
		32EDF3E81CF2A628008F5A21 /* Release */ = {
			isa = XCBuildConfiguration;
			buildSettings = {
				BUNDLE_LOADER = "$(TEST_HOST)";
				INFOPLIST_FILE = TestChooseYearAndMonthViewTests/Info.plist;
				LD_RUNPATH_SEARCH_PATHS = "$(inherited) @executable_path/Frameworks @loader_path/Frameworks";
				PRODUCT_BUNDLE_IDENTIFIER = com.toninz.TestChooseYearAndMonthViewTests;
				PRODUCT_NAME = "$(TARGET_NAME)";
				TEST_HOST = "$(BUILT_PRODUCTS_DIR)/TestChooseYearAndMonthView.app/TestChooseYearAndMonthView";
			};
			name = Release;
		};
		32EDF3EA1CF2A628008F5A21 /* Debug */ = {
			isa = XCBuildConfiguration;
			buildSettings = {
				INFOPLIST_FILE = TestChooseYearAndMonthViewUITests/Info.plist;
				LD_RUNPATH_SEARCH_PATHS = "$(inherited) @executable_path/Frameworks @loader_path/Frameworks";
				PRODUCT_BUNDLE_IDENTIFIER = com.toninz.TestChooseYearAndMonthViewUITests;
				PRODUCT_NAME = "$(TARGET_NAME)";
				TEST_TARGET_NAME = TestChooseYearAndMonthView;
			};
			name = Debug;
		};
		32EDF3EB1CF2A628008F5A21 /* Release */ = {
			isa = XCBuildConfiguration;
			buildSettings = {
				INFOPLIST_FILE = TestChooseYearAndMonthViewUITests/Info.plist;
				LD_RUNPATH_SEARCH_PATHS = "$(inherited) @executable_path/Frameworks @loader_path/Frameworks";
				PRODUCT_BUNDLE_IDENTIFIER = com.toninz.TestChooseYearAndMonthViewUITests;
				PRODUCT_NAME = "$(TARGET_NAME)";
				TEST_TARGET_NAME = TestChooseYearAndMonthView;
			};
			name = Release;
		};
/* End XCBuildConfiguration section */

/* Begin XCConfigurationList section */
		32EDF3B11CF2A628008F5A21 /* Build configuration list for PBXProject "TestChooseYearAndMonthView" */ = {
			isa = XCConfigurationList;
			buildConfigurations = (
				32EDF3E11CF2A628008F5A21 /* Debug */,
				32EDF3E21CF2A628008F5A21 /* Release */,
			);
			defaultConfigurationIsVisible = 0;
			defaultConfigurationName = Release;
		};
		32EDF3E31CF2A628008F5A21 /* Build configuration list for PBXNativeTarget "TestChooseYearAndMonthView" */ = {
			isa = XCConfigurationList;
			buildConfigurations = (
				32EDF3E41CF2A628008F5A21 /* Debug */,
				32EDF3E51CF2A628008F5A21 /* Release */,
			);
			defaultConfigurationIsVisible = 0;
		};
		32EDF3E61CF2A628008F5A21 /* Build configuration list for PBXNativeTarget "TestChooseYearAndMonthViewTests" */ = {
			isa = XCConfigurationList;
			buildConfigurations = (
				32EDF3E71CF2A628008F5A21 /* Debug */,
				32EDF3E81CF2A628008F5A21 /* Release */,
			);
			defaultConfigurationIsVisible = 0;
		};
		32EDF3E91CF2A628008F5A21 /* Build configuration list for PBXNativeTarget "TestChooseYearAndMonthViewUITests" */ = {
			isa = XCConfigurationList;
			buildConfigurations = (
				32EDF3EA1CF2A628008F5A21 /* Debug */,
				32EDF3EB1CF2A628008F5A21 /* Release */,
			);
			defaultConfigurationIsVisible = 0;
		};
/* End XCConfigurationList section */
	};
	rootObject = 32EDF3AE1CF2A628008F5A21 /* Project object */;
}
